
Microsoft Visual Studio Solution File, Format Version 12.00
# Visual Studio Version 17
VisualStudioVersion = 17.9.34622.214
MinimumVisualStudioVersion = 10.0.40219.1
Project("{2150E333-8FDC-42A3-9474-1A3956D46DE8}") = "src", "src", "{2A28680E-0EDE-43B0-8DEE-72E0C9B89165}"
EndProject
Project("{2150E333-8FDC-42A3-9474-1A3956D46DE8}") = "test", "test", "{E5FBFFC4-58DD-44DB-8FF7-519CB87EFF4F}"
EndProject
Project("{2150E333-8FDC-42A3-9474-1A3956D46DE8}") = "UI", "UI", "{473E7CF9-0F74-43DC-8233-538F83A6FDD9}"
EndProject
Project("{2150E333-8FDC-42A3-9474-1A3956D46DE8}") = "API", "API", "{AE05F1CC-A058-4E5A-85C4-8FFF8970E61C}"
EndProject
Project("{2150E333-8FDC-42A3-9474-1A3956D46DE8}") = "Core", "Core", "{5AFCFA23-B026-41D7-B30F-AF26DDE21EF6}"
EndProject
Project("{2150E333-8FDC-42A3-9474-1A3956D46DE8}") = "Infrastructure", "Infrastructure", "{2012051C-3976-4FD8-BD7F-1640F1A0E58F}"
EndProject
Project("{9A19103F-16F7-4668-BE54-9A1E7A4F7556}") = "Gaolos.Domain", "Gaolos.Domain\Gaolos.Domain.csproj", "{7CB01A30-18EE-421D-B371-BD81D2789BE9}"
EndProject
Project("{9A19103F-16F7-4668-BE54-9A1E7A4F7556}") = "Gaolos.Application", "Gaolos.Application\Gaolos.Application.csproj", "{E5FA7A36-4712-494A-8737-6FE471F9B469}"
EndProject
Project("{9A19103F-16F7-4668-BE54-9A1E7A4F7556}") = "Gaolos.Infrastructure", "Gaolos.Infrastructure\Gaolos.Infrastructure.csproj", "{5B607405-6DC4-4D25-A5C5-161C55A3D264}"
EndProject
Project("{9A19103F-16F7-4668-BE54-9A1E7A4F7556}") = "Gaolos.Persistence", "Gaolos.Persistence\Gaolos.Persistence.csproj", "{20C4E905-FB08-48DC-B29D-4A5829AD0F28}"
EndProject
Project("{9A19103F-16F7-4668-BE54-9A1E7A4F7556}") = "Gaolos.Api", "Gaolos.Api\Gaolos.Api.csproj", "{F0E690F4-05FD-4FE5-BB0B-30FDAB5A3628}"
EndProject
Project("{9A19103F-16F7-4668-BE54-9A1E7A4F7556}") = "Gaolos.Application.UnitTests", "Gaolos.Application.UnitTests\Gaolos.Application.UnitTests.csproj", "{4C486B16-1F87-42E7-B3AB-10B562501207}"
EndProject
Project("{9A19103F-16F7-4668-BE54-9A1E7A4F7556}") = "Gaolos.API.IntegrationTests", "Gaolos.IntegrationTests\Gaolos.API.IntegrationTests.csproj", "{B38418B0-CC87-4061-B4C3-EB96EA44C64C}"
EndProject
Project("{9A19103F-16F7-4668-BE54-9A1E7A4F7556}") = "Gaolos.Persistence.IntegrationTests", "Gaolos.Persistence.IntegrationTests\Gaolos.Persistence.IntegrationTests.csproj", "{A59B0FD6-8078-4E6C-B3B4-EF4AA2BF732E}"
EndProject
Project("{9A19103F-16F7-4668-BE54-9A1E7A4F7556}") = "Gaolos.Identity", "Gaolos.Identity\Gaolos.Identity.csproj", "{A9F17786-A162-4A1F-847A-43EE647B3795}"
EndProject
Project("{9A19103F-16F7-4668-BE54-9A1E7A4F7556}") = "Gaolos.Web.App", "Gaolos.Web.App\Gaolos.Web.App.csproj", "{4BA7017F-54B6-4DC3-94AB-E75E6A67E5EC}"
EndProject
Project("{FAE04EC0-301F-11D3-BF4B-00C04F79EFBC}") = "Gaolos.ComponentLibrary", "Gaolos.ComponentLibrary\Gaolos.ComponentLibrary.csproj", "{0FCEC013-66F6-433A-84C5-3DD53AA1EEEC}"
EndProject
Global
	GlobalSection(SolutionConfigurationPlatforms) = preSolution
		Debug|Any CPU = Debug|Any CPU
		Release|Any CPU = Release|Any CPU
	EndGlobalSection
	GlobalSection(ProjectConfigurationPlatforms) = postSolution
		{7CB01A30-18EE-421D-B371-BD81D2789BE9}.Debug|Any CPU.ActiveCfg = Debug|Any CPU
		{7CB01A30-18EE-421D-B371-BD81D2789BE9}.Debug|Any CPU.Build.0 = Debug|Any CPU
		{7CB01A30-18EE-421D-B371-BD81D2789BE9}.Release|Any CPU.ActiveCfg = Release|Any CPU
		{7CB01A30-18EE-421D-B371-BD81D2789BE9}.Release|Any CPU.Build.0 = Release|Any CPU
		{E5FA7A36-4712-494A-8737-6FE471F9B469}.Debug|Any CPU.ActiveCfg = Debug|Any CPU
		{E5FA7A36-4712-494A-8737-6FE471F9B469}.Debug|Any CPU.Build.0 = Debug|Any CPU
		{E5FA7A36-4712-494A-8737-6FE471F9B469}.Release|Any CPU.ActiveCfg = Release|Any CPU
		{E5FA7A36-4712-494A-8737-6FE471F9B469}.Release|Any CPU.Build.0 = Release|Any CPU
		{5B607405-6DC4-4D25-A5C5-161C55A3D264}.Debug|Any CPU.ActiveCfg = Debug|Any CPU
		{5B607405-6DC4-4D25-A5C5-161C55A3D264}.Debug|Any CPU.Build.0 = Debug|Any CPU
		{5B607405-6DC4-4D25-A5C5-161C55A3D264}.Release|Any CPU.ActiveCfg = Release|Any CPU
		{5B607405-6DC4-4D25-A5C5-161C55A3D264}.Release|Any CPU.Build.0 = Release|Any CPU
		{20C4E905-FB08-48DC-B29D-4A5829AD0F28}.Debug|Any CPU.ActiveCfg = Debug|Any CPU
		{20C4E905-FB08-48DC-B29D-4A5829AD0F28}.Debug|Any CPU.Build.0 = Debug|Any CPU
		{20C4E905-FB08-48DC-B29D-4A5829AD0F28}.Release|Any CPU.ActiveCfg = Release|Any CPU
		{20C4E905-FB08-48DC-B29D-4A5829AD0F28}.Release|Any CPU.Build.0 = Release|Any CPU
		{F0E690F4-05FD-4FE5-BB0B-30FDAB5A3628}.Debug|Any CPU.ActiveCfg = Debug|Any CPU
		{F0E690F4-05FD-4FE5-BB0B-30FDAB5A3628}.Debug|Any CPU.Build.0 = Debug|Any CPU
		{F0E690F4-05FD-4FE5-BB0B-30FDAB5A3628}.Release|Any CPU.ActiveCfg = Release|Any CPU
		{F0E690F4-05FD-4FE5-BB0B-30FDAB5A3628}.Release|Any CPU.Build.0 = Release|Any CPU
		{4C486B16-1F87-42E7-B3AB-10B562501207}.Debug|Any CPU.ActiveCfg = Debug|Any CPU
		{4C486B16-1F87-42E7-B3AB-10B562501207}.Debug|Any CPU.Build.0 = Debug|Any CPU
		{4C486B16-1F87-42E7-B3AB-10B562501207}.Release|Any CPU.ActiveCfg = Release|Any CPU
		{4C486B16-1F87-42E7-B3AB-10B562501207}.Release|Any CPU.Build.0 = Release|Any CPU
		{B38418B0-CC87-4061-B4C3-EB96EA44C64C}.Debug|Any CPU.ActiveCfg = Debug|Any CPU
		{B38418B0-CC87-4061-B4C3-EB96EA44C64C}.Debug|Any CPU.Build.0 = Debug|Any CPU
		{B38418B0-CC87-4061-B4C3-EB96EA44C64C}.Release|Any CPU.ActiveCfg = Release|Any CPU
		{B38418B0-CC87-4061-B4C3-EB96EA44C64C}.Release|Any CPU.Build.0 = Release|Any CPU
		{A59B0FD6-8078-4E6C-B3B4-EF4AA2BF732E}.Debug|Any CPU.ActiveCfg = Debug|Any CPU
		{A59B0FD6-8078-4E6C-B3B4-EF4AA2BF732E}.Debug|Any CPU.Build.0 = Debug|Any CPU
		{A59B0FD6-8078-4E6C-B3B4-EF4AA2BF732E}.Release|Any CPU.ActiveCfg = Release|Any CPU
		{A59B0FD6-8078-4E6C-B3B4-EF4AA2BF732E}.Release|Any CPU.Build.0 = Release|Any CPU
		{A9F17786-A162-4A1F-847A-43EE647B3795}.Debug|Any CPU.ActiveCfg = Debug|Any CPU
		{A9F17786-A162-4A1F-847A-43EE647B3795}.Debug|Any CPU.Build.0 = Debug|Any CPU
		{A9F17786-A162-4A1F-847A-43EE647B3795}.Release|Any CPU.ActiveCfg = Release|Any CPU
		{A9F17786-A162-4A1F-847A-43EE647B3795}.Release|Any CPU.Build.0 = Release|Any CPU
		{4BA7017F-54B6-4DC3-94AB-E75E6A67E5EC}.Debug|Any CPU.ActiveCfg = Debug|Any CPU
		{4BA7017F-54B6-4DC3-94AB-E75E6A67E5EC}.Debug|Any CPU.Build.0 = Debug|Any CPU
		{4BA7017F-54B6-4DC3-94AB-E75E6A67E5EC}.Release|Any CPU.ActiveCfg = Release|Any CPU
		{4BA7017F-54B6-4DC3-94AB-E75E6A67E5EC}.Release|Any CPU.Build.0 = Release|Any CPU
		{0FCEC013-66F6-433A-84C5-3DD53AA1EEEC}.Debug|Any CPU.ActiveCfg = Debug|Any CPU
		{0FCEC013-66F6-433A-84C5-3DD53AA1EEEC}.Debug|Any CPU.Build.0 = Debug|Any CPU
		{0FCEC013-66F6-433A-84C5-3DD53AA1EEEC}.Release|Any CPU.ActiveCfg = Release|Any CPU
		{0FCEC013-66F6-433A-84C5-3DD53AA1EEEC}.Release|Any CPU.Build.0 = Release|Any CPU
	EndGlobalSection
	GlobalSection(SolutionProperties) = preSolution
		HideSolutionNode = FALSE
	EndGlobalSection
	GlobalSection(NestedProjects) = preSolution
		{473E7CF9-0F74-43DC-8233-538F83A6FDD9} = {2A28680E-0EDE-43B0-8DEE-72E0C9B89165}
		{AE05F1CC-A058-4E5A-85C4-8FFF8970E61C} = {2A28680E-0EDE-43B0-8DEE-72E0C9B89165}
		{5AFCFA23-B026-41D7-B30F-AF26DDE21EF6} = {2A28680E-0EDE-43B0-8DEE-72E0C9B89165}
		{2012051C-3976-4FD8-BD7F-1640F1A0E58F} = {2A28680E-0EDE-43B0-8DEE-72E0C9B89165}
		{7CB01A30-18EE-421D-B371-BD81D2789BE9} = {5AFCFA23-B026-41D7-B30F-AF26DDE21EF6}
		{E5FA7A36-4712-494A-8737-6FE471F9B469} = {5AFCFA23-B026-41D7-B30F-AF26DDE21EF6}
		{5B607405-6DC4-4D25-A5C5-161C55A3D264} = {2012051C-3976-4FD8-BD7F-1640F1A0E58F}
		{20C4E905-FB08-48DC-B29D-4A5829AD0F28} = {2012051C-3976-4FD8-BD7F-1640F1A0E58F}
		{F0E690F4-05FD-4FE5-BB0B-30FDAB5A3628} = {AE05F1CC-A058-4E5A-85C4-8FFF8970E61C}
		{4C486B16-1F87-42E7-B3AB-10B562501207} = {E5FBFFC4-58DD-44DB-8FF7-519CB87EFF4F}
		{B38418B0-CC87-4061-B4C3-EB96EA44C64C} = {E5FBFFC4-58DD-44DB-8FF7-519CB87EFF4F}
		{A59B0FD6-8078-4E6C-B3B4-EF4AA2BF732E} = {E5FBFFC4-58DD-44DB-8FF7-519CB87EFF4F}
		{A9F17786-A162-4A1F-847A-43EE647B3795} = {2012051C-3976-4FD8-BD7F-1640F1A0E58F}
		{4BA7017F-54B6-4DC3-94AB-E75E6A67E5EC} = {473E7CF9-0F74-43DC-8233-538F83A6FDD9}
		{0FCEC013-66F6-433A-84C5-3DD53AA1EEEC} = {473E7CF9-0F74-43DC-8233-538F83A6FDD9}
	EndGlobalSection
	GlobalSection(ExtensibilityGlobals) = postSolution
		SolutionGuid = {D4F8BAAA-0E33-4ABB-8914-622F1F7D665A}
	EndGlobalSection
EndGlobal
